// !$*UTF8*$!
{
	archiveVersion = 1;
	classes = {
	};
	objectVersion = 46;
	objects = {

/* Begin PBXBuildFile section */
		6F35AF5B2FA706EBEB1084CE /* libPods-CampeonatoBrasileiroFree.a in Frameworks */ = {isa = PBXBuildFile; fileRef = 48E7A4C2608E75EA576D0FA5 /* libPods-CampeonatoBrasileiroFree.a */; };
		A03C452619F49AF800E06A19 /* Constants.h in Sources */ = {isa = PBXBuildFile; fileRef = A03C452519F49A4500E06A19 /* Constants.h */; };
		A03C452A19F4A14800E06A19 /* Jogos.m in Sources */ = {isa = PBXBuildFile; fileRef = A03C452919F4A14800E06A19 /* Jogos.m */; };
		A0449CFE19EB061300F69EF2 /* main.m in Sources */ = {isa = PBXBuildFile; fileRef = A0449CFD19EB061300F69EF2 /* main.m */; };
		A0449D0119EB061300F69EF2 /* AppDelegate.m in Sources */ = {isa = PBXBuildFile; fileRef = A0449D0019EB061300F69EF2 /* AppDelegate.m */; };
		A0449D0419EB061300F69EF2 /* ViewController.m in Sources */ = {isa = PBXBuildFile; fileRef = A0449D0319EB061300F69EF2 /* ViewController.m */; };
		A0449D0719EB061300F69EF2 /* Main.storyboard in Resources */ = {isa = PBXBuildFile; fileRef = A0449D0519EB061300F69EF2 /* Main.storyboard */; };
		A0449D0919EB061300F69EF2 /* Images.xcassets in Resources */ = {isa = PBXBuildFile; fileRef = A0449D0819EB061300F69EF2 /* Images.xcassets */; };
		A0449D0C19EB061300F69EF2 /* LaunchScreen.xib in Resources */ = {isa = PBXBuildFile; fileRef = A0449D0A19EB061300F69EF2 /* LaunchScreen.xib */; };
		A0449D1819EB061300F69EF2 /* CampeonatoBrasileiroFreeTests.m in Sources */ = {isa = PBXBuildFile; fileRef = A0449D1719EB061300F69EF2 /* CampeonatoBrasileiroFreeTests.m */; };
		A05E118419F18F3800BC6075 /* JogosTableViewController.m in Sources */ = {isa = PBXBuildFile; fileRef = A05E118319F18F3800BC6075 /* JogosTableViewController.m */; };
		A05E118719F1901900BC6075 /* MenuViewController.m in Sources */ = {isa = PBXBuildFile; fileRef = A05E118619F1901900BC6075 /* MenuViewController.m */; };
		A061288519F2EAB900C48AE0 /* JogosTableViewCell.m in Sources */ = {isa = PBXBuildFile; fileRef = A061288419F2EAB900C48AE0 /* JogosTableViewCell.m */; };
		A0C7436C19F1BDA300E966AA /* ClassificacaoTableViewController.m in Sources */ = {isa = PBXBuildFile; fileRef = A0C7436B19F1BDA300E966AA /* ClassificacaoTableViewController.m */; };
		A0C7436F19F1BDB700E966AA /* ArtilhariaTableViewController.m in Sources */ = {isa = PBXBuildFile; fileRef = A0C7436E19F1BDB700E966AA /* ArtilhariaTableViewController.m */; };
		A0EFA8FE19FD9F6600CCCC80 /* RodadaTableViewController.m in Sources */ = {isa = PBXBuildFile; fileRef = A0EFA8FD19FD9F6600CCCC80 /* RodadaTableViewController.m */; };
		A0EFA90119FDA04500CCCC80 /* RodadaTableViewCell.m in Sources */ = {isa = PBXBuildFile; fileRef = A0EFA90019FDA04500CCCC80 /* RodadaTableViewCell.m */; };
/* End PBXBuildFile section */

/* Begin PBXContainerItemProxy section */
		A0449D1219EB061300F69EF2 /* PBXContainerItemProxy */ = {
			isa = PBXContainerItemProxy;
			containerPortal = A0449CF019EB061300F69EF2 /* Project object */;
			proxyType = 1;
			remoteGlobalIDString = A0449CF719EB061300F69EF2;
			remoteInfo = CampeonatoBrasileiroFree;
		};
/* End PBXContainerItemProxy section */

/* Begin PBXFileReference section */
		48E7A4C2608E75EA576D0FA5 /* libPods-CampeonatoBrasileiroFree.a */ = {isa = PBXFileReference; explicitFileType = archive.ar; includeInIndex = 0; path = "libPods-CampeonatoBrasileiroFree.a"; sourceTree = BUILT_PRODUCTS_DIR; };
		4A73E7C635FF9F850169821A /* Pods-CampeonatoBrasileiroFree.debug.xcconfig */ = {isa = PBXFileReference; includeInIndex = 1; lastKnownFileType = text.xcconfig; name = "Pods-CampeonatoBrasileiroFree.debug.xcconfig"; path = "Pods/Target Support Files/Pods-CampeonatoBrasileiroFree/Pods-CampeonatoBrasileiroFree.debug.xcconfig"; sourceTree = "<group>"; };
		A03C452519F49A4500E06A19 /* Constants.h */ = {isa = PBXFileReference; fileEncoding = 4; lastKnownFileType = sourcecode.c.h; path = Constants.h; sourceTree = "<group>"; };
		A03C452819F4A14800E06A19 /* Jogos.h */ = {isa = PBXFileReference; fileEncoding = 4; lastKnownFileType = sourcecode.c.h; name = Jogos.h; path = Models/Jogos.h; sourceTree = "<group>"; };
		A03C452919F4A14800E06A19 /* Jogos.m */ = {isa = PBXFileReference; fileEncoding = 4; lastKnownFileType = sourcecode.c.objc; name = Jogos.m; path = Models/Jogos.m; sourceTree = "<group>"; };
		A0449CF819EB061300F69EF2 /* CampeonatoBrasileiroFree.app */ = {isa = PBXFileReference; explicitFileType = wrapper.application; includeInIndex = 0; path = CampeonatoBrasileiroFree.app; sourceTree = BUILT_PRODUCTS_DIR; };
		A0449CFC19EB061300F69EF2 /* Info.plist */ = {isa = PBXFileReference; lastKnownFileType = text.plist.xml; path = Info.plist; sourceTree = "<group>"; };
		A0449CFD19EB061300F69EF2 /* main.m */ = {isa = PBXFileReference; lastKnownFileType = sourcecode.c.objc; path = main.m; sourceTree = "<group>"; };
		A0449CFF19EB061300F69EF2 /* AppDelegate.h */ = {isa = PBXFileReference; lastKnownFileType = sourcecode.c.h; path = AppDelegate.h; sourceTree = "<group>"; };
		A0449D0019EB061300F69EF2 /* AppDelegate.m */ = {isa = PBXFileReference; lastKnownFileType = sourcecode.c.objc; path = AppDelegate.m; sourceTree = "<group>"; };
		A0449D0219EB061300F69EF2 /* ViewController.h */ = {isa = PBXFileReference; lastKnownFileType = sourcecode.c.h; path = ViewController.h; sourceTree = "<group>"; };
		A0449D0319EB061300F69EF2 /* ViewController.m */ = {isa = PBXFileReference; lastKnownFileType = sourcecode.c.objc; path = ViewController.m; sourceTree = "<group>"; };
		A0449D0619EB061300F69EF2 /* Base */ = {isa = PBXFileReference; lastKnownFileType = file.storyboard; name = Base; path = Base.lproj/Main.storyboard; sourceTree = "<group>"; };
		A0449D0819EB061300F69EF2 /* Images.xcassets */ = {isa = PBXFileReference; lastKnownFileType = folder.assetcatalog; path = Images.xcassets; sourceTree = "<group>"; };
		A0449D0B19EB061300F69EF2 /* Base */ = {isa = PBXFileReference; lastKnownFileType = file.xib; name = Base; path = Base.lproj/LaunchScreen.xib; sourceTree = "<group>"; };
		A0449D1119EB061300F69EF2 /* CampeonatoBrasileiroFreeTests.xctest */ = {isa = PBXFileReference; explicitFileType = wrapper.cfbundle; includeInIndex = 0; path = CampeonatoBrasileiroFreeTests.xctest; sourceTree = BUILT_PRODUCTS_DIR; };
		A0449D1619EB061300F69EF2 /* Info.plist */ = {isa = PBXFileReference; lastKnownFileType = text.plist.xml; path = Info.plist; sourceTree = "<group>"; };
		A0449D1719EB061300F69EF2 /* CampeonatoBrasileiroFreeTests.m */ = {isa = PBXFileReference; lastKnownFileType = sourcecode.c.objc; path = CampeonatoBrasileiroFreeTests.m; sourceTree = "<group>"; };
		A05E118219F18F3800BC6075 /* JogosTableViewController.h */ = {isa = PBXFileReference; fileEncoding = 4; lastKnownFileType = sourcecode.c.h; name = JogosTableViewController.h; path = Controllers/JogosTableViewController.h; sourceTree = "<group>"; };
		A05E118319F18F3800BC6075 /* JogosTableViewController.m */ = {isa = PBXFileReference; fileEncoding = 4; lastKnownFileType = sourcecode.c.objc; name = JogosTableViewController.m; path = Controllers/JogosTableViewController.m; sourceTree = "<group>"; };
		A05E118519F1901900BC6075 /* MenuViewController.h */ = {isa = PBXFileReference; fileEncoding = 4; lastKnownFileType = sourcecode.c.h; name = MenuViewController.h; path = Controllers/MenuViewController.h; sourceTree = "<group>"; };
		A05E118619F1901900BC6075 /* MenuViewController.m */ = {isa = PBXFileReference; fileEncoding = 4; lastKnownFileType = sourcecode.c.objc; name = MenuViewController.m; path = Controllers/MenuViewController.m; sourceTree = "<group>"; };
		A061288319F2EAB900C48AE0 /* JogosTableViewCell.h */ = {isa = PBXFileReference; fileEncoding = 4; lastKnownFileType = sourcecode.c.h; name = JogosTableViewCell.h; path = Controllers/Cells/JogosTableViewCell.h; sourceTree = "<group>"; };
		A061288419F2EAB900C48AE0 /* JogosTableViewCell.m */ = {isa = PBXFileReference; fileEncoding = 4; lastKnownFileType = sourcecode.c.objc; name = JogosTableViewCell.m; path = Controllers/Cells/JogosTableViewCell.m; sourceTree = "<group>"; };
		A0C7436A19F1BDA300E966AA /* ClassificacaoTableViewController.h */ = {isa = PBXFileReference; fileEncoding = 4; lastKnownFileType = sourcecode.c.h; name = ClassificacaoTableViewController.h; path = Controllers/ClassificacaoTableViewController.h; sourceTree = "<group>"; };
		A0C7436B19F1BDA300E966AA /* ClassificacaoTableViewController.m */ = {isa = PBXFileReference; fileEncoding = 4; lastKnownFileType = sourcecode.c.objc; name = ClassificacaoTableViewController.m; path = Controllers/ClassificacaoTableViewController.m; sourceTree = "<group>"; };
		A0C7436D19F1BDB700E966AA /* ArtilhariaTableViewController.h */ = {isa = PBXFileReference; fileEncoding = 4; lastKnownFileType = sourcecode.c.h; name = ArtilhariaTableViewController.h; path = Controllers/ArtilhariaTableViewController.h; sourceTree = "<group>"; };
		A0C7436E19F1BDB700E966AA /* ArtilhariaTableViewController.m */ = {isa = PBXFileReference; fileEncoding = 4; lastKnownFileType = sourcecode.c.objc; name = ArtilhariaTableViewController.m; path = Controllers/ArtilhariaTableViewController.m; sourceTree = "<group>"; };
		A0EFA8FC19FD9F6600CCCC80 /* RodadaTableViewController.h */ = {isa = PBXFileReference; fileEncoding = 4; lastKnownFileType = sourcecode.c.h; name = RodadaTableViewController.h; path = Controllers/RodadaTableViewController.h; sourceTree = "<group>"; };
		A0EFA8FD19FD9F6600CCCC80 /* RodadaTableViewController.m */ = {isa = PBXFileReference; fileEncoding = 4; lastKnownFileType = sourcecode.c.objc; name = RodadaTableViewController.m; path = Controllers/RodadaTableViewController.m; sourceTree = "<group>"; };
		A0EFA8FF19FDA04500CCCC80 /* RodadaTableViewCell.h */ = {isa = PBXFileReference; fileEncoding = 4; lastKnownFileType = sourcecode.c.h; name = RodadaTableViewCell.h; path = Controllers/Cells/RodadaTableViewCell.h; sourceTree = "<group>"; };
		A0EFA90019FDA04500CCCC80 /* RodadaTableViewCell.m */ = {isa = PBXFileReference; fileEncoding = 4; lastKnownFileType = sourcecode.c.objc; name = RodadaTableViewCell.m; path = Controllers/Cells/RodadaTableViewCell.m; sourceTree = "<group>"; };
		D3DF31C7E30E929387199262 /* Pods-CampeonatoBrasileiroFree.release.xcconfig */ = {isa = PBXFileReference; includeInIndex = 1; lastKnownFileType = text.xcconfig; name = "Pods-CampeonatoBrasileiroFree.release.xcconfig"; path = "Pods/Target Support Files/Pods-CampeonatoBrasileiroFree/Pods-CampeonatoBrasileiroFree.release.xcconfig"; sourceTree = "<group>"; };
/* End PBXFileReference section */

/* Begin PBXFrameworksBuildPhase section */
		A0449CF519EB061300F69EF2 /* Frameworks */ = {
			isa = PBXFrameworksBuildPhase;
			buildActionMask = 2147483647;
			files = (
				6F35AF5B2FA706EBEB1084CE /* libPods-CampeonatoBrasileiroFree.a in Frameworks */,
			);
			runOnlyForDeploymentPostprocessing = 0;
		};
		A0449D0E19EB061300F69EF2 /* Frameworks */ = {
			isa = PBXFrameworksBuildPhase;
			buildActionMask = 2147483647;
			files = (
			);
			runOnlyForDeploymentPostprocessing = 0;
		};
/* End PBXFrameworksBuildPhase section */

/* Begin PBXGroup section */
		A03C452719F4A12100E06A19 /* Models */ = {
			isa = PBXGroup;
			children = (
				A03C452819F4A14800E06A19 /* Jogos.h */,
				A03C452919F4A14800E06A19 /* Jogos.m */,
			);
			name = Models;
			sourceTree = "<group>";
		};
		A0449CEF19EB061300F69EF2 = {
			isa = PBXGroup;
			children = (
				A0449CFA19EB061300F69EF2 /* CampeonatoBrasileiroFree */,
				A0449D1419EB061300F69EF2 /* CampeonatoBrasileiroFreeTests */,
				A0449CF919EB061300F69EF2 /* Products */,
				D26F3B5DA268147F1BB05276 /* Pods */,
				CDFAF9BF2B9CFF55F0B7CAC3 /* Frameworks */,
			);
			sourceTree = "<group>";
		};
		A0449CF919EB061300F69EF2 /* Products */ = {
			isa = PBXGroup;
			children = (
				A0449CF819EB061300F69EF2 /* CampeonatoBrasileiroFree.app */,
				A0449D1119EB061300F69EF2 /* CampeonatoBrasileiroFreeTests.xctest */,
			);
			name = Products;
			sourceTree = "<group>";
		};
		A0449CFA19EB061300F69EF2 /* CampeonatoBrasileiroFree */ = {
			isa = PBXGroup;
			children = (
				A03C452719F4A12100E06A19 /* Models */,
				A0449D0519EB061300F69EF2 /* Main.storyboard */,
				A05E118119F18B5600BC6075 /* Controllers */,
				A0449CFF19EB061300F69EF2 /* AppDelegate.h */,
				A0449D0019EB061300F69EF2 /* AppDelegate.m */,
				A0449D0819EB061300F69EF2 /* Images.xcassets */,
				A0449D0A19EB061300F69EF2 /* LaunchScreen.xib */,
				A0449CFB19EB061300F69EF2 /* Supporting Files */,
				A03C452519F49A4500E06A19 /* Constants.h */,
			);
			path = CampeonatoBrasileiroFree;
			sourceTree = "<group>";
		};
		A0449CFB19EB061300F69EF2 /* Supporting Files */ = {
			isa = PBXGroup;
			children = (
				A0449CFC19EB061300F69EF2 /* Info.plist */,
				A0449CFD19EB061300F69EF2 /* main.m */,
			);
			name = "Supporting Files";
			sourceTree = "<group>";
		};
		A0449D1419EB061300F69EF2 /* CampeonatoBrasileiroFreeTests */ = {
			isa = PBXGroup;
			children = (
				A0449D1719EB061300F69EF2 /* CampeonatoBrasileiroFreeTests.m */,
				A0449D1519EB061300F69EF2 /* Supporting Files */,
			);
			path = CampeonatoBrasileiroFreeTests;
			sourceTree = "<group>";
		};
		A0449D1519EB061300F69EF2 /* Supporting Files */ = {
			isa = PBXGroup;
			children = (
				A0449D1619EB061300F69EF2 /* Info.plist */,
			);
			name = "Supporting Files";
			sourceTree = "<group>";
		};
		A05E118119F18B5600BC6075 /* Controllers */ = {
			isa = PBXGroup;
			children = (
				A061288219F2EA9700C48AE0 /* Cells */,
				A0449D0219EB061300F69EF2 /* ViewController.h */,
				A0449D0319EB061300F69EF2 /* ViewController.m */,
				A05E118219F18F3800BC6075 /* JogosTableViewController.h */,
				A05E118319F18F3800BC6075 /* JogosTableViewController.m */,
				A05E118519F1901900BC6075 /* MenuViewController.h */,
				A05E118619F1901900BC6075 /* MenuViewController.m */,
				A0C7436A19F1BDA300E966AA /* ClassificacaoTableViewController.h */,
				A0C7436B19F1BDA300E966AA /* ClassificacaoTableViewController.m */,
				A0C7436D19F1BDB700E966AA /* ArtilhariaTableViewController.h */,
				A0C7436E19F1BDB700E966AA /* ArtilhariaTableViewController.m */,
				A0EFA8FC19FD9F6600CCCC80 /* RodadaTableViewController.h */,
				A0EFA8FD19FD9F6600CCCC80 /* RodadaTableViewController.m */,
			);
			name = Controllers;
			sourceTree = "<group>";
		};
		A061288219F2EA9700C48AE0 /* Cells */ = {
			isa = PBXGroup;
			children = (
				A061288319F2EAB900C48AE0 /* JogosTableViewCell.h */,
				A061288419F2EAB900C48AE0 /* JogosTableViewCell.m */,
				A0EFA8FF19FDA04500CCCC80 /* RodadaTableViewCell.h */,
				A0EFA90019FDA04500CCCC80 /* RodadaTableViewCell.m */,
			);
			name = Cells;
			sourceTree = "<group>";
		};
		CDFAF9BF2B9CFF55F0B7CAC3 /* Frameworks */ = {
			isa = PBXGroup;
			children = (
				48E7A4C2608E75EA576D0FA5 /* libPods-CampeonatoBrasileiroFree.a */,
			);
			name = Frameworks;
			sourceTree = "<group>";
		};
		D26F3B5DA268147F1BB05276 /* Pods */ = {
			isa = PBXGroup;
			children = (
				4A73E7C635FF9F850169821A /* Pods-CampeonatoBrasileiroFree.debug.xcconfig */,
				D3DF31C7E30E929387199262 /* Pods-CampeonatoBrasileiroFree.release.xcconfig */,
			);
			name = Pods;
			sourceTree = "<group>";
		};
/* End PBXGroup section */

/* Begin PBXNativeTarget section */
		A0449CF719EB061300F69EF2 /* CampeonatoBrasileiroFree */ = {
			isa = PBXNativeTarget;
			buildConfigurationList = A0449D1B19EB061300F69EF2 /* Build configuration list for PBXNativeTarget "CampeonatoBrasileiroFree" */;
			buildPhases = (
				2A98C6637FE652A6E0D008E8 /* Check Pods Manifest.lock */,
				A0449CF419EB061300F69EF2 /* Sources */,
				A0449CF519EB061300F69EF2 /* Frameworks */,
				A0449CF619EB061300F69EF2 /* Resources */,
				498FD8974BF127C3B97D0C5F /* Copy Pods Resources */,
			);
			buildRules = (
			);
			dependencies = (
			);
			name = CampeonatoBrasileiroFree;
			productName = CampeonatoBrasileiroFree;
			productReference = A0449CF819EB061300F69EF2 /* CampeonatoBrasileiroFree.app */;
			productType = "com.apple.product-type.application";
		};
		A0449D1019EB061300F69EF2 /* CampeonatoBrasileiroFreeTests */ = {
			isa = PBXNativeTarget;
			buildConfigurationList = A0449D1E19EB061300F69EF2 /* Build configuration list for PBXNativeTarget "CampeonatoBrasileiroFreeTests" */;
			buildPhases = (
				A0449D0D19EB061300F69EF2 /* Sources */,
				A0449D0E19EB061300F69EF2 /* Frameworks */,
				A0449D0F19EB061300F69EF2 /* Resources */,
			);
			buildRules = (
			);
			dependencies = (
				A0449D1319EB061300F69EF2 /* PBXTargetDependency */,
			);
			name = CampeonatoBrasileiroFreeTests;
			productName = CampeonatoBrasileiroFreeTests;
			productReference = A0449D1119EB061300F69EF2 /* CampeonatoBrasileiroFreeTests.xctest */;
			productType = "com.apple.product-type.bundle.unit-test";
		};
/* End PBXNativeTarget section */

/* Begin PBXProject section */
		A0449CF019EB061300F69EF2 /* Project object */ = {
			isa = PBXProject;
			attributes = {
				LastUpgradeCheck = 0600;
				ORGANIZATIONNAME = "Dataminas Tecnologia e Sistemas";
				TargetAttributes = {
					A0449CF719EB061300F69EF2 = {
						CreatedOnToolsVersion = 6.0.1;
					};
					A0449D1019EB061300F69EF2 = {
						CreatedOnToolsVersion = 6.0.1;
						TestTargetID = A0449CF719EB061300F69EF2;
					};
				};
			};
			buildConfigurationList = A0449CF319EB061300F69EF2 /* Build configuration list for PBXProject "CampeonatoBrasileiroFree" */;
			compatibilityVersion = "Xcode 3.2";
			developmentRegion = English;
			hasScannedForEncodings = 0;
			knownRegions = (
				en,
				Base,
			);
			mainGroup = A0449CEF19EB061300F69EF2;
			productRefGroup = A0449CF919EB061300F69EF2 /* Products */;
			projectDirPath = "";
			projectRoot = "";
			targets = (
				A0449CF719EB061300F69EF2 /* CampeonatoBrasileiroFree */,
				A0449D1019EB061300F69EF2 /* CampeonatoBrasileiroFreeTests */,
			);
		};
/* End PBXProject section */

/* Begin PBXResourcesBuildPhase section */
		A0449CF619EB061300F69EF2 /* Resources */ = {
			isa = PBXResourcesBuildPhase;
			buildActionMask = 2147483647;
			files = (
				A0449D0719EB061300F69EF2 /* Main.storyboard in Resources */,
				A0449D0C19EB061300F69EF2 /* LaunchScreen.xib in Resources */,
				A0449D0919EB061300F69EF2 /* Images.xcassets in Resources */,
			);
			runOnlyForDeploymentPostprocessing = 0;
		};
		A0449D0F19EB061300F69EF2 /* Resources */ = {
			isa = PBXResourcesBuildPhase;
			buildActionMask = 2147483647;
			files = (
			);
			runOnlyForDeploymentPostprocessing = 0;
		};
/* End PBXResourcesBuildPhase section */

/* Begin PBXShellScriptBuildPhase section */
		2A98C6637FE652A6E0D008E8 /* Check Pods Manifest.lock */ = {
			isa = PBXShellScriptBuildPhase;
			buildActionMask = 2147483647;
			files = (
			);
			inputPaths = (
			);
			name = "Check Pods Manifest.lock";
			outputPaths = (
			);
			runOnlyForDeploymentPostprocessing = 0;
			shellPath = /bin/sh;
			shellScript = "diff \"${PODS_ROOT}/../Podfile.lock\" \"${PODS_ROOT}/Manifest.lock\" > /dev/null\nif [[ $? != 0 ]] ; then\n    cat << EOM\nerror: The sandbox is not in sync with the Podfile.lock. Run 'pod install' or update your CocoaPods installation.\nEOM\n    exit 1\nfi\n";
			showEnvVarsInLog = 0;
		};
		498FD8974BF127C3B97D0C5F /* Copy Pods Resources */ = {
			isa = PBXShellScriptBuildPhase;
			buildActionMask = 2147483647;
			files = (
			);
			inputPaths = (
			);
			name = "Copy Pods Resources";
			outputPaths = (
			);
			runOnlyForDeploymentPostprocessing = 0;
			shellPath = /bin/sh;
			shellScript = "\"${SRCROOT}/Pods/Target Support Files/Pods-CampeonatoBrasileiroFree/Pods-CampeonatoBrasileiroFree-resources.sh\"\n";
			showEnvVarsInLog = 0;
		};
/* End PBXShellScriptBuildPhase section */

/* Begin PBXSourcesBuildPhase section */
		A0449CF419EB061300F69EF2 /* Sources */ = {
			isa = PBXSourcesBuildPhase;
			buildActionMask = 2147483647;
			files = (
				A03C452A19F4A14800E06A19 /* Jogos.m in Sources */,
				A03C452619F49AF800E06A19 /* Constants.h in Sources */,
				A0449D0419EB061300F69EF2 /* ViewController.m in Sources */,
				A0C7436C19F1BDA300E966AA /* ClassificacaoTableViewController.m in Sources */,
				A0449D0119EB061300F69EF2 /* AppDelegate.m in Sources */,
				A05E118419F18F3800BC6075 /* JogosTableViewController.m in Sources */,
				A0EFA90119FDA04500CCCC80 /* RodadaTableViewCell.m in Sources */,
				A061288519F2EAB900C48AE0 /* JogosTableViewCell.m in Sources */,
				A0EFA8FE19FD9F6600CCCC80 /* RodadaTableViewController.m in Sources */,
				A0449CFE19EB061300F69EF2 /* main.m in Sources */,
				A05E118719F1901900BC6075 /* MenuViewController.m in Sources */,
				A0C7436F19F1BDB700E966AA /* ArtilhariaTableViewController.m in Sources */,
			);
			runOnlyForDeploymentPostprocessing = 0;
		};
		A0449D0D19EB061300F69EF2 /* Sources */ = {
			isa = PBXSourcesBuildPhase;
			buildActionMask = 2147483647;
			files = (
				A0449D1819EB061300F69EF2 /* CampeonatoBrasileiroFreeTests.m in Sources */,
			);
			runOnlyForDeploymentPostprocessing = 0;
		};
/* End PBXSourcesBuildPhase section */

/* Begin PBXTargetDependency section */
		A0449D1319EB061300F69EF2 /* PBXTargetDependency */ = {
			isa = PBXTargetDependency;
			target = A0449CF719EB061300F69EF2 /* CampeonatoBrasileiroFree */;
			targetProxy = A0449D1219EB061300F69EF2 /* PBXContainerItemProxy */;
		};
/* End PBXTargetDependency section */

/* Begin PBXVariantGroup section */
		A0449D0519EB061300F69EF2 /* Main.storyboard */ = {
			isa = PBXVariantGroup;
			children = (
				A0449D0619EB061300F69EF2 /* Base */,
			);
			name = Main.storyboard;
			sourceTree = "<group>";
		};
		A0449D0A19EB061300F69EF2 /* LaunchScreen.xib */ = {
			isa = PBXVariantGroup;
			children = (
				A0449D0B19EB061300F69EF2 /* Base */,
			);
			name = LaunchScreen.xib;
			sourceTree = "<group>";
		};
/* End PBXVariantGroup section */

/* Begin XCBuildConfiguration section */
		A0449D1919EB061300F69EF2 /* Debug */ = {
			isa = XCBuildConfiguration;
			buildSettings = {
				ALWAYS_SEARCH_USER_PATHS = NO;
				CLANG_CXX_LANGUAGE_STANDARD = "gnu++0x";
				CLANG_CXX_LIBRARY = "libc++";
				CLANG_ENABLE_MODULES = YES;
				CLANG_ENABLE_OBJC_ARC = YES;
				CLANG_WARN_BOOL_CONVERSION = YES;
				CLANG_WARN_CONSTANT_CONVERSION = YES;
				CLANG_WARN_DIRECT_OBJC_ISA_USAGE = YES_ERROR;
				CLANG_WARN_EMPTY_BODY = YES;
				CLANG_WARN_ENUM_CONVERSION = YES;
				CLANG_WARN_INT_CONVERSION = YES;
				CLANG_WARN_OBJC_ROOT_CLASS = YES_ERROR;
				CLANG_WARN_UNREACHABLE_CODE = YES;
				CLANG_WARN__DUPLICATE_METHOD_MATCH = YES;
				"CODE_SIGN_IDENTITY[sdk=iphoneos*]" = "iPhone Developer";
				COPY_PHASE_STRIP = NO;
				ENABLE_STRICT_OBJC_MSGSEND = YES;
				GCC_C_LANGUAGE_STANDARD = gnu99;
				GCC_DYNAMIC_NO_PIC = NO;
				GCC_OPTIMIZATION_LEVEL = 0;
				GCC_PREPROCESSOR_DEFINITIONS = (
					"DEBUG=1",
					"$(inherited)",
				);
				GCC_SYMBOLS_PRIVATE_EXTERN = NO;
				GCC_WARN_64_TO_32_BIT_CONVERSION = YES;
				GCC_WARN_ABOUT_RETURN_TYPE = YES_ERROR;
				GCC_WARN_UNDECLARED_SELECTOR = YES;
				GCC_WARN_UNINITIALIZED_AUTOS = YES_AGGRESSIVE;
				GCC_WARN_UNUSED_FUNCTION = YES;
				GCC_WARN_UNUSED_VARIABLE = YES;
				IPHONEOS_DEPLOYMENT_TARGET = 8.0;
				MTL_ENABLE_DEBUG_INFO = YES;
				ONLY_ACTIVE_ARCH = YES;
				SDKROOT = iphoneos;
				TARGETED_DEVICE_FAMILY = "1,2";
			};
			name = Debug;
		};
		A0449D1A19EB061300F69EF2 /* Release */ = {
			isa = XCBuildConfiguration;
			buildSettings = {
				ALWAYS_SEARCH_USER_PATHS = NO;
				CLANG_CXX_LANGUAGE_STANDARD = "gnu++0x";
				CLANG_CXX_LIBRARY = "libc++";
				CLANG_ENABLE_MODULES = YES;
				CLANG_ENABLE_OBJC_ARC = YES;
				CLANG_WARN_BOOL_CONVERSION = YES;
				CLANG_WARN_CONSTANT_CONVERSION = YES;
				CLANG_WARN_DIRECT_OBJC_ISA_USAGE = YES_ERROR;
				CLANG_WARN_EMPTY_BODY = YES;
				CLANG_WARN_ENUM_CONVERSION = YES;
				CLANG_WARN_INT_CONVERSION = YES;
				CLANG_WARN_OBJC_ROOT_CLASS = YES_ERROR;
				CLANG_WARN_UNREACHABLE_CODE = YES;
				CLANG_WARN__DUPLICATE_METHOD_MATCH = YES;
				"CODE_SIGN_IDENTITY[sdk=iphoneos*]" = "iPhone Developer";
				COPY_PHASE_STRIP = YES;
				ENABLE_NS_ASSERTIONS = NO;
				ENABLE_STRICT_OBJC_MSGSEND = YES;
				GCC_C_LANGUAGE_STANDARD = gnu99;
				GCC_WARN_64_TO_32_BIT_CONVERSION = YES;
				GCC_WARN_ABOUT_RETURN_TYPE = YES_ERROR;
				GCC_WARN_UNDECLARED_SELECTOR = YES;
				GCC_WARN_UNINITIALIZED_AUTOS = YES_AGGRESSIVE;
				GCC_WARN_UNUSED_FUNCTION = YES;
				GCC_WARN_UNUSED_VARIABLE = YES;
				IPHONEOS_DEPLOYMENT_TARGET = 8.0;
				MTL_ENABLE_DEBUG_INFO = NO;
				SDKROOT = iphoneos;
				TARGETED_DEVICE_FAMILY = "1,2";
				VALIDATE_PRODUCT = YES;
			};
			name = Release;
		};
		A0449D1C19EB061300F69EF2 /* Debug */ = {
			isa = XCBuildConfiguration;
			baseConfigurationReference = 4A73E7C635FF9F850169821A /* Pods-CampeonatoBrasileiroFree.debug.xcconfig */;
			buildSettings = {
				ASSETCATALOG_COMPILER_APPICON_NAME = AppIcon;
				INFOPLIST_FILE = CampeonatoBrasileiroFree/Info.plist;
				LD_RUNPATH_SEARCH_PATHS = "$(inherited) @executable_path/Frameworks";
				PRODUCT_NAME = "$(TARGET_NAME)";
			};
			name = Debug;
		};
		A0449D1D19EB061300F69EF2 /* Release */ = {
			isa = XCBuildConfiguration;
			baseConfigurationReference = D3DF31C7E30E929387199262 /* Pods-CampeonatoBrasileiroFree.release.xcconfig */;
			buildSettings = {
				ASSETCATALOG_COMPILER_APPICON_NAME = AppIcon;
				INFOPLIST_FILE = CampeonatoBrasileiroFree/Info.plist;
				LD_RUNPATH_SEARCH_PATHS = "$(inherited) @executable_path/Frameworks";
				PRODUCT_NAME = "$(TARGET_NAME)";
			};
			name = Release;
		};
		A0449D1F19EB061300F69EF2 /* Debug */ = {
			isa = XCBuildConfiguration;
			buildSettings = {
				BUNDLE_LOADER = "$(TEST_HOST)";
				FRAMEWORK_SEARCH_PATHS = (
					"$(SDKROOT)/Developer/Library/Frameworks",
					"$(inherited)",
				);
				GCC_PREPROCESSOR_DEFINITIONS = (
					"DEBUG=1",
					"$(inherited)",
				);
				INFOPLIST_FILE = CampeonatoBrasileiroFreeTests/Info.plist;
				LD_RUNPATH_SEARCH_PATHS = "$(inherited) @executable_path/Frameworks @loader_path/Frameworks";
				PRODUCT_NAME = "$(TARGET_NAME)";
				TEST_HOST = "$(BUILT_PRODUCTS_DIR)/CampeonatoBrasileiroFree.app/CampeonatoBrasileiroFree";
			};
			name = Debug;
		};
		A0449D2019EB061300F69EF2 /* Release */ = {
			isa = XCBuildConfiguration;
			buildSettings = {
				BUNDLE_LOADER = "$(TEST_HOST)";
				FRAMEWORK_SEARCH_PATHS = (
					"$(SDKROOT)/Developer/Library/Frameworks",
					"$(inherited)",
				);
				INFOPLIST_FILE = CampeonatoBrasileiroFreeTests/Info.plist;
				LD_RUNPATH_SEARCH_PATHS = "$(inherited) @executable_path/Frameworks @loader_path/Frameworks";
				PRODUCT_NAME = "$(TARGET_NAME)";
				TEST_HOST = "$(BUILT_PRODUCTS_DIR)/CampeonatoBrasileiroFree.app/CampeonatoBrasileiroFree";
			};
			name = Release;
		};
/* End XCBuildConfiguration section */

/* Begin XCConfigurationList section */
		A0449CF319EB061300F69EF2 /* Build configuration list for PBXProject "CampeonatoBrasileiroFree" */ = {
			isa = XCConfigurationList;
			buildConfigurations = (
				A0449D1919EB061300F69EF2 /* Debug */,
				A0449D1A19EB061300F69EF2 /* Release */,
			);
			defaultConfigurationIsVisible = 0;
			defaultConfigurationName = Release;
		};
		A0449D1B19EB061300F69EF2 /* Build configuration list for PBXNativeTarget "CampeonatoBrasileiroFree" */ = {
			isa = XCConfigurationList;
			buildConfigurations = (
				A0449D1C19EB061300F69EF2 /* Debug */,
				A0449D1D19EB061300F69EF2 /* Release */,
			);
			defaultConfigurationIsVisible = 0;
			defaultConfigurationName = Release;
		};
		A0449D1E19EB061300F69EF2 /* Build configuration list for PBXNativeTarget "CampeonatoBrasileiroFreeTests" */ = {
			isa = XCConfigurationList;
			buildConfigurations = (
				A0449D1F19EB061300F69EF2 /* Debug */,
				A0449D2019EB061300F69EF2 /* Release */,
			);
			defaultConfigurationIsVisible = 0;
			defaultConfigurationName = Release;
		};
/* End XCConfigurationList section */
	};
	rootObject = A0449CF019EB061300F69EF2 /* Project object */;
}
